
Microsoft Visual Studio Solution File, Format Version 12.00
# Visual Studio Version 17
VisualStudioVersion = 17.5.33502.453
MinimumVisualStudioVersion = 10.0.40219.1
Project("{FAE04EC0-301F-11D3-BF4B-00C04F79EFBC}") = "Media-Manager.Manager", "Media-Manager.Manager\Media-Manager.Manager.csproj", "{E55A3579-AFB0-4861-ABA1-3228C36846CF}"
EndProject
Global
	GlobalSection(SolutionConfigurationPlatforms) = preSolution
		Debug|Any CPU = Debug|Any CPU
		Release|Any CPU = Release|Any CPU
	EndGlobalSection
	GlobalSection(ProjectConfigurationPlatforms) = postSolution
		{E55A3579-AFB0-4861-ABA1-3228C36846CF}.Debug|Any CPU.ActiveCfg = Debug|Any CPU
		{E55A3579-AFB0-4861-ABA1-3228C36846CF}.Debug|Any CPU.Build.0 = Debug|Any CPU
		{E55A3579-AFB0-4861-ABA1-3228C36846CF}.Release|Any CPU.ActiveCfg = Release|Any CPU
		{E55A3579-AFB0-4861-ABA1-3228C36846CF}.Release|Any CPU.Build.0 = Release|Any CPU
	EndGlobalSection
	GlobalSection(SolutionProperties) = preSolution
		HideSolutionNode = FALSE
	EndGlobalSection
	GlobalSection(ExtensibilityGlobals) = postSolution
		SolutionGuid = {131A2439-562E-4D19-AC90-8CE52D169F9B}
	EndGlobalSection
EndGlobal
