
Microsoft Visual Studio Solution File, Format Version 12.00
# Visual Studio Version 17
VisualStudioVersion = 17.5.33502.453
MinimumVisualStudioVersion = 10.0.40219.1
Project("{9A19103F-16F7-4668-BE54-9A1E7A4F7556}") = "MediaManager.Service", "MediaManager.Service\MediaManager.Service.csproj", "{E55A3579-AFB0-4861-ABA1-3228C36846CF}"
EndProject
Project("{9A19103F-16F7-4668-BE54-9A1E7A4F7556}") = "MediaManager.Worker", "MediaManager.Worker\MediaManager.Worker.csproj", "{EF9BC59A-A52B-4156-9923-AC3B39C9642C}"
EndProject
Project("{9A19103F-16F7-4668-BE54-9A1E7A4F7556}") = "MediaManager.RabbitMQClient", "MediaManager.RabbitMQClient\MediaManager.RabbitMQClient.csproj", "{490BC7F2-766F-45DF-8C7C-023B976F1E56}"
EndProject
Project("{9A19103F-16F7-4668-BE54-9A1E7A4F7556}") = "MediaManager.Common", "MediaManager.Common\MediaManager.Common.csproj", "{D1BC5A6F-6AC4-44A3-AEFA-31728EF11C9D}"
EndProject
Project("{9A19103F-16F7-4668-BE54-9A1E7A4F7556}") = "MediaManager.Domain", "MediaManager.Domain\MediaManager.Domain.csproj", "{54F5E666-DF9A-4CB6-B67D-AD16C4015D11}"
EndProject
Project("{9A19103F-16F7-4668-BE54-9A1E7A4F7556}") = "MediaManager.Tests", "MediaManager.Tests\MediaManager.Tests.csproj", "{8C7412D5-382B-4D97-A8DA-3F4AFD6BFF76}"
EndProject
Project("{9A19103F-16F7-4668-BE54-9A1E7A4F7556}") = "MediaManager.Repositories", "MediaManager.Repository\MediaManager.Repositories.csproj", "{C413BCB9-5B8E-4FA5-91A2-D53964D63278}"
EndProject
Global
	GlobalSection(SolutionConfigurationPlatforms) = preSolution
		Debug|Any CPU = Debug|Any CPU
		Debug|x64 = Debug|x64
		Release|Any CPU = Release|Any CPU
		Release|x64 = Release|x64
	EndGlobalSection
	GlobalSection(ProjectConfigurationPlatforms) = postSolution
		{E55A3579-AFB0-4861-ABA1-3228C36846CF}.Debug|Any CPU.ActiveCfg = Debug|Any CPU
		{E55A3579-AFB0-4861-ABA1-3228C36846CF}.Debug|Any CPU.Build.0 = Debug|Any CPU
		{E55A3579-AFB0-4861-ABA1-3228C36846CF}.Debug|x64.ActiveCfg = Debug|x64
		{E55A3579-AFB0-4861-ABA1-3228C36846CF}.Debug|x64.Build.0 = Debug|x64
		{E55A3579-AFB0-4861-ABA1-3228C36846CF}.Release|Any CPU.ActiveCfg = Release|Any CPU
		{E55A3579-AFB0-4861-ABA1-3228C36846CF}.Release|Any CPU.Build.0 = Release|Any CPU
		{E55A3579-AFB0-4861-ABA1-3228C36846CF}.Release|x64.ActiveCfg = Release|x64
		{E55A3579-AFB0-4861-ABA1-3228C36846CF}.Release|x64.Build.0 = Release|x64
		{EF9BC59A-A52B-4156-9923-AC3B39C9642C}.Debug|Any CPU.ActiveCfg = Debug|Any CPU
		{EF9BC59A-A52B-4156-9923-AC3B39C9642C}.Debug|Any CPU.Build.0 = Debug|Any CPU
		{EF9BC59A-A52B-4156-9923-AC3B39C9642C}.Debug|x64.ActiveCfg = Debug|Any CPU
		{EF9BC59A-A52B-4156-9923-AC3B39C9642C}.Debug|x64.Build.0 = Debug|Any CPU
		{EF9BC59A-A52B-4156-9923-AC3B39C9642C}.Release|Any CPU.ActiveCfg = Release|Any CPU
		{EF9BC59A-A52B-4156-9923-AC3B39C9642C}.Release|Any CPU.Build.0 = Release|Any CPU
		{EF9BC59A-A52B-4156-9923-AC3B39C9642C}.Release|x64.ActiveCfg = Release|Any CPU
		{EF9BC59A-A52B-4156-9923-AC3B39C9642C}.Release|x64.Build.0 = Release|Any CPU
		{490BC7F2-766F-45DF-8C7C-023B976F1E56}.Debug|Any CPU.ActiveCfg = Debug|Any CPU
		{490BC7F2-766F-45DF-8C7C-023B976F1E56}.Debug|Any CPU.Build.0 = Debug|Any CPU
		{490BC7F2-766F-45DF-8C7C-023B976F1E56}.Debug|x64.ActiveCfg = Debug|Any CPU
		{490BC7F2-766F-45DF-8C7C-023B976F1E56}.Debug|x64.Build.0 = Debug|Any CPU
		{490BC7F2-766F-45DF-8C7C-023B976F1E56}.Release|Any CPU.ActiveCfg = Release|Any CPU
		{490BC7F2-766F-45DF-8C7C-023B976F1E56}.Release|Any CPU.Build.0 = Release|Any CPU
		{490BC7F2-766F-45DF-8C7C-023B976F1E56}.Release|x64.ActiveCfg = Release|Any CPU
		{490BC7F2-766F-45DF-8C7C-023B976F1E56}.Release|x64.Build.0 = Release|Any CPU
		{D1BC5A6F-6AC4-44A3-AEFA-31728EF11C9D}.Debug|Any CPU.ActiveCfg = Debug|Any CPU
		{D1BC5A6F-6AC4-44A3-AEFA-31728EF11C9D}.Debug|Any CPU.Build.0 = Debug|Any CPU
		{D1BC5A6F-6AC4-44A3-AEFA-31728EF11C9D}.Debug|x64.ActiveCfg = Debug|Any CPU
		{D1BC5A6F-6AC4-44A3-AEFA-31728EF11C9D}.Debug|x64.Build.0 = Debug|Any CPU
		{D1BC5A6F-6AC4-44A3-AEFA-31728EF11C9D}.Release|Any CPU.ActiveCfg = Release|Any CPU
		{D1BC5A6F-6AC4-44A3-AEFA-31728EF11C9D}.Release|Any CPU.Build.0 = Release|Any CPU
		{D1BC5A6F-6AC4-44A3-AEFA-31728EF11C9D}.Release|x64.ActiveCfg = Release|Any CPU
		{D1BC5A6F-6AC4-44A3-AEFA-31728EF11C9D}.Release|x64.Build.0 = Release|Any CPU
		{54F5E666-DF9A-4CB6-B67D-AD16C4015D11}.Debug|Any CPU.ActiveCfg = Debug|Any CPU
		{54F5E666-DF9A-4CB6-B67D-AD16C4015D11}.Debug|Any CPU.Build.0 = Debug|Any CPU
		{54F5E666-DF9A-4CB6-B67D-AD16C4015D11}.Debug|x64.ActiveCfg = Debug|Any CPU
		{54F5E666-DF9A-4CB6-B67D-AD16C4015D11}.Debug|x64.Build.0 = Debug|Any CPU
		{54F5E666-DF9A-4CB6-B67D-AD16C4015D11}.Release|Any CPU.ActiveCfg = Release|Any CPU
		{54F5E666-DF9A-4CB6-B67D-AD16C4015D11}.Release|Any CPU.Build.0 = Release|Any CPU
		{54F5E666-DF9A-4CB6-B67D-AD16C4015D11}.Release|x64.ActiveCfg = Release|Any CPU
		{54F5E666-DF9A-4CB6-B67D-AD16C4015D11}.Release|x64.Build.0 = Release|Any CPU
		{8C7412D5-382B-4D97-A8DA-3F4AFD6BFF76}.Debug|Any CPU.ActiveCfg = Debug|Any CPU
		{8C7412D5-382B-4D97-A8DA-3F4AFD6BFF76}.Debug|Any CPU.Build.0 = Debug|Any CPU
		{8C7412D5-382B-4D97-A8DA-3F4AFD6BFF76}.Debug|x64.ActiveCfg = Debug|Any CPU
		{8C7412D5-382B-4D97-A8DA-3F4AFD6BFF76}.Debug|x64.Build.0 = Debug|Any CPU
		{8C7412D5-382B-4D97-A8DA-3F4AFD6BFF76}.Release|Any CPU.ActiveCfg = Release|Any CPU
		{8C7412D5-382B-4D97-A8DA-3F4AFD6BFF76}.Release|Any CPU.Build.0 = Release|Any CPU
		{8C7412D5-382B-4D97-A8DA-3F4AFD6BFF76}.Release|x64.ActiveCfg = Release|Any CPU
		{8C7412D5-382B-4D97-A8DA-3F4AFD6BFF76}.Release|x64.Build.0 = Release|Any CPU
		{C413BCB9-5B8E-4FA5-91A2-D53964D63278}.Debug|Any CPU.ActiveCfg = Debug|Any CPU
		{C413BCB9-5B8E-4FA5-91A2-D53964D63278}.Debug|Any CPU.Build.0 = Debug|Any CPU
		{C413BCB9-5B8E-4FA5-91A2-D53964D63278}.Debug|x64.ActiveCfg = Debug|Any CPU
		{C413BCB9-5B8E-4FA5-91A2-D53964D63278}.Debug|x64.Build.0 = Debug|Any CPU
		{C413BCB9-5B8E-4FA5-91A2-D53964D63278}.Release|Any CPU.ActiveCfg = Release|Any CPU
		{C413BCB9-5B8E-4FA5-91A2-D53964D63278}.Release|Any CPU.Build.0 = Release|Any CPU
		{C413BCB9-5B8E-4FA5-91A2-D53964D63278}.Release|x64.ActiveCfg = Release|Any CPU
		{C413BCB9-5B8E-4FA5-91A2-D53964D63278}.Release|x64.Build.0 = Release|Any CPU
	EndGlobalSection
	GlobalSection(SolutionProperties) = preSolution
		HideSolutionNode = FALSE
	EndGlobalSection
	GlobalSection(ExtensibilityGlobals) = postSolution
		SolutionGuid = {131A2439-562E-4D19-AC90-8CE52D169F9B}
	EndGlobalSection
EndGlobal
